
Microsoft Visual Studio Solution File, Format Version 12.00
# Visual Studio Version 17
VisualStudioVersion = 17.2.32526.322
MinimumVisualStudioVersion = 10.0.40219.1
Project("{FAE04EC0-301F-11D3-BF4B-00C04F79EFBC}") = "Widget Weather", "Widget Weather\Widget Weather.csproj", "{1222F1C9-C182-482E-A6E3-7B4BDB652658}"
EndProject
Global
	GlobalSection(SolutionConfigurationPlatforms) = preSolution
		Debug|Any CPU = Debug|Any CPU
		Release|Any CPU = Release|Any CPU
	EndGlobalSection
	GlobalSection(ProjectConfigurationPlatforms) = postSolution
		{1222F1C9-C182-482E-A6E3-7B4BDB652658}.Debug|Any CPU.ActiveCfg = Debug|Any CPU
		{1222F1C9-C182-482E-A6E3-7B4BDB652658}.Debug|Any CPU.Build.0 = Debug|Any CPU
		{1222F1C9-C182-482E-A6E3-7B4BDB652658}.Release|Any CPU.ActiveCfg = Release|Any CPU
		{1222F1C9-C182-482E-A6E3-7B4BDB652658}.Release|Any CPU.Build.0 = Release|Any CPU
	EndGlobalSection
	GlobalSection(SolutionProperties) = preSolution
		HideSolutionNode = FALSE
	EndGlobalSection
	GlobalSection(ExtensibilityGlobals) = postSolution
		SolutionGuid = {C2BB40AF-20F7-4EC7-A075-109B54CAE382}
	EndGlobalSection
EndGlobal
